// !$*UTF8*$!
{
	archiveVersion = 1;
	classes = {
	};
	objectVersion = 46;
	objects = {

/* Begin PBXBuildFile section */
		8328BE271DD2A61000C460D6 /* AppDelegate.swift in Sources */ = {isa = PBXBuildFile; fileRef = 8328BE261DD2A61000C460D6 /* AppDelegate.swift */; };
		8328BE291DD2A61000C460D6 /* ViewController.swift in Sources */ = {isa = PBXBuildFile; fileRef = 8328BE281DD2A61000C460D6 /* ViewController.swift */; };
		8328BE2C1DD2A61000C460D6 /* Main.storyboard in Resources */ = {isa = PBXBuildFile; fileRef = 8328BE2A1DD2A61000C460D6 /* Main.storyboard */; };
		8328BE2E1DD2A61000C460D6 /* Assets.xcassets in Resources */ = {isa = PBXBuildFile; fileRef = 8328BE2D1DD2A61000C460D6 /* Assets.xcassets */; };
		8328BE311DD2A61000C460D6 /* LaunchScreen.storyboard in Resources */ = {isa = PBXBuildFile; fileRef = 8328BE2F1DD2A61000C460D6 /* LaunchScreen.storyboard */; };
		836FE92D1DD658FC0003B25C /* madlibs_ios in Resources */ = {isa = PBXBuildFile; fileRef = 836FE92C1DD658FC0003B25C /* madlibs_ios */; };
		8380E41A1DD2E05700076E3B /* secondViewController.swift in Sources */ = {isa = PBXBuildFile; fileRef = 8380E4191DD2E05700076E3B /* secondViewController.swift */; };
		8380E41E1DD3C2B800076E3B /* Story.swift in Sources */ = {isa = PBXBuildFile; fileRef = 8380E41C1DD3C2B800076E3B /* Story.swift */; };
		83B837871DD3FBDF001D8272 /* ThirdViewController.swift in Sources */ = {isa = PBXBuildFile; fileRef = 83B837861DD3FBDF001D8272 /* ThirdViewController.swift */; };
/* End PBXBuildFile section */

/* Begin PBXFileReference section */
		8328BE231DD2A61000C460D6 /* chrisras-pset2.app */ = {isa = PBXFileReference; explicitFileType = wrapper.application; includeInIndex = 0; path = "chrisras-pset2.app"; sourceTree = BUILT_PRODUCTS_DIR; };
		8328BE261DD2A61000C460D6 /* AppDelegate.swift */ = {isa = PBXFileReference; lastKnownFileType = sourcecode.swift; path = AppDelegate.swift; sourceTree = "<group>"; };
		8328BE281DD2A61000C460D6 /* ViewController.swift */ = {isa = PBXFileReference; lastKnownFileType = sourcecode.swift; path = ViewController.swift; sourceTree = "<group>"; };
		8328BE2B1DD2A61000C460D6 /* Base */ = {isa = PBXFileReference; lastKnownFileType = file.storyboard; name = Base; path = Base.lproj/Main.storyboard; sourceTree = "<group>"; };
		8328BE2D1DD2A61000C460D6 /* Assets.xcassets */ = {isa = PBXFileReference; lastKnownFileType = folder.assetcatalog; path = Assets.xcassets; sourceTree = "<group>"; };
		8328BE301DD2A61000C460D6 /* Base */ = {isa = PBXFileReference; lastKnownFileType = file.storyboard; name = Base; path = Base.lproj/LaunchScreen.storyboard; sourceTree = "<group>"; };
		8328BE321DD2A61000C460D6 /* Info.plist */ = {isa = PBXFileReference; lastKnownFileType = text.plist.xml; path = Info.plist; sourceTree = "<group>"; };
		836FE92C1DD658FC0003B25C /* madlibs_ios */ = {isa = PBXFileReference; lastKnownFileType = folder; name = madlibs_ios; path = ../../../../Downloads/madlibs_ios; sourceTree = "<group>"; };
		8380E4191DD2E05700076E3B /* secondViewController.swift */ = {isa = PBXFileReference; fileEncoding = 4; lastKnownFileType = sourcecode.swift; path = secondViewController.swift; sourceTree = "<group>"; };
		8380E41C1DD3C2B800076E3B /* Story.swift */ = {isa = PBXFileReference; fileEncoding = 4; lastKnownFileType = sourcecode.swift; name = Story.swift; path = ../../../../Downloads/madlibs_ios/Story.swift; sourceTree = "<group>"; };
		83B837861DD3FBDF001D8272 /* ThirdViewController.swift */ = {isa = PBXFileReference; fileEncoding = 4; lastKnownFileType = sourcecode.swift; path = ThirdViewController.swift; sourceTree = "<group>"; };
/* End PBXFileReference section */

/* Begin PBXFrameworksBuildPhase section */
		8328BE201DD2A61000C460D6 /* Frameworks */ = {
			isa = PBXFrameworksBuildPhase;
			buildActionMask = 2147483647;
			files = (
			);
			runOnlyForDeploymentPostprocessing = 0;
		};
/* End PBXFrameworksBuildPhase section */

/* Begin PBXGroup section */
		8328BE1A1DD2A61000C460D6 = {
			isa = PBXGroup;
			children = (
				8328BE251DD2A61000C460D6 /* chrisras-pset2 */,
				8328BE241DD2A61000C460D6 /* Products */,
			);
			sourceTree = "<group>";
		};
		8328BE241DD2A61000C460D6 /* Products */ = {
			isa = PBXGroup;
			children = (
				8328BE231DD2A61000C460D6 /* chrisras-pset2.app */,
			);
			name = Products;
			sourceTree = "<group>";
		};
		8328BE251DD2A61000C460D6 /* chrisras-pset2 */ = {
			isa = PBXGroup;
			children = (
				836FE92C1DD658FC0003B25C /* madlibs_ios */,
				8380E41C1DD3C2B800076E3B /* Story.swift */,
				8328BE261DD2A61000C460D6 /* AppDelegate.swift */,
				8328BE281DD2A61000C460D6 /* ViewController.swift */,
				8328BE2A1DD2A61000C460D6 /* Main.storyboard */,
				8328BE2D1DD2A61000C460D6 /* Assets.xcassets */,
				8328BE2F1DD2A61000C460D6 /* LaunchScreen.storyboard */,
				8328BE321DD2A61000C460D6 /* Info.plist */,
				8380E4191DD2E05700076E3B /* secondViewController.swift */,
				83B837861DD3FBDF001D8272 /* ThirdViewController.swift */,
			);
			path = "chrisras-pset2";
			sourceTree = "<group>";
		};
/* End PBXGroup section */

/* Begin PBXNativeTarget section */
		8328BE221DD2A61000C460D6 /* chrisras-pset2 */ = {
			isa = PBXNativeTarget;
			buildConfigurationList = 8328BE351DD2A61000C460D6 /* Build configuration list for PBXNativeTarget "chrisras-pset2" */;
			buildPhases = (
				8328BE1F1DD2A61000C460D6 /* Sources */,
				8328BE201DD2A61000C460D6 /* Frameworks */,
				8328BE211DD2A61000C460D6 /* Resources */,
			);
			buildRules = (
			);
			dependencies = (
			);
			name = "chrisras-pset2";
			productName = "chrisras-pset2";
			productReference = 8328BE231DD2A61000C460D6 /* chrisras-pset2.app */;
			productType = "com.apple.product-type.application";
		};
/* End PBXNativeTarget section */

/* Begin PBXProject section */
		8328BE1B1DD2A61000C460D6 /* Project object */ = {
			isa = PBXProject;
			attributes = {
				LastSwiftUpdateCheck = 0810;
				LastUpgradeCheck = 0810;
				ORGANIZATIONNAME = "Chris Ras";
				TargetAttributes = {
					8328BE221DD2A61000C460D6 = {
						CreatedOnToolsVersion = 8.1;
						ProvisioningStyle = Automatic;
					};
				};
			};
			buildConfigurationList = 8328BE1E1DD2A61000C460D6 /* Build configuration list for PBXProject "chrisras-pset2" */;
			compatibilityVersion = "Xcode 3.2";
			developmentRegion = English;
			hasScannedForEncodings = 0;
			knownRegions = (
				en,
				Base,
			);
			mainGroup = 8328BE1A1DD2A61000C460D6;
			productRefGroup = 8328BE241DD2A61000C460D6 /* Products */;
			projectDirPath = "";
			projectRoot = "";
			targets = (
				8328BE221DD2A61000C460D6 /* chrisras-pset2 */,
			);
		};
/* End PBXProject section */

/* Begin PBXResourcesBuildPhase section */
		8328BE211DD2A61000C460D6 /* Resources */ = {
			isa = PBXResourcesBuildPhase;
			buildActionMask = 2147483647;
			files = (
				8328BE311DD2A61000C460D6 /* LaunchScreen.storyboard in Resources */,
				836FE92D1DD658FC0003B25C /* madlibs_ios in Resources */,
				8328BE2E1DD2A61000C460D6 /* Assets.xcassets in Resources */,
				8328BE2C1DD2A61000C460D6 /* Main.storyboard in Resources */,
			);
			runOnlyForDeploymentPostprocessing = 0;
		};
/* End PBXResourcesBuildPhase section */

/* Begin PBXSourcesBuildPhase section */
		8328BE1F1DD2A61000C460D6 /* Sources */ = {
			isa = PBXSourcesBuildPhase;
			buildActionMask = 2147483647;
			files = (
				8328BE291DD2A61000C460D6 /* ViewController.swift in Sources */,
				8380E41A1DD2E05700076E3B /* secondViewController.swift in Sources */,
				83B837871DD3FBDF001D8272 /* ThirdViewController.swift in Sources */,
				8328BE271DD2A61000C460D6 /* AppDelegate.swift in Sources */,
				8380E41E1DD3C2B800076E3B /* Story.swift in Sources */,
			);
			runOnlyForDeploymentPostprocessing = 0;
		};
/* End PBXSourcesBuildPhase section */

/* Begin PBXVariantGroup section */
		8328BE2A1DD2A61000C460D6 /* Main.storyboard */ = {
			isa = PBXVariantGroup;
			children = (
				8328BE2B1DD2A61000C460D6 /* Base */,
			);
			name = Main.storyboard;
			sourceTree = "<group>";
		};
		8328BE2F1DD2A61000C460D6 /* LaunchScreen.storyboard */ = {
			isa = PBXVariantGroup;
			children = (
				8328BE301DD2A61000C460D6 /* Base */,
			);
			name = LaunchScreen.storyboard;
			sourceTree = "<group>";
		};
/* End PBXVariantGroup section */

/* Begin XCBuildConfiguration section */
		8328BE331DD2A61000C460D6 /* Debug */ = {
			isa = XCBuildConfiguration;
			buildSettings = {
				ALWAYS_SEARCH_USER_PATHS = NO;
				CLANG_ANALYZER_NONNULL = YES;
				CLANG_CXX_LANGUAGE_STANDARD = "gnu++0x";
				CLANG_CXX_LIBRARY = "libc++";
				CLANG_ENABLE_MODULES = YES;
				CLANG_ENABLE_OBJC_ARC = YES;
				CLANG_WARN_BOOL_CONVERSION = YES;
				CLANG_WARN_CONSTANT_CONVERSION = YES;
				CLANG_WARN_DIRECT_OBJC_ISA_USAGE = YES_ERROR;
				CLANG_WARN_DOCUMENTATION_COMMENTS = YES;
				CLANG_WARN_EMPTY_BODY = YES;
				CLANG_WARN_ENUM_CONVERSION = YES;
				CLANG_WARN_INFINITE_RECURSION = YES;
				CLANG_WARN_INT_CONVERSION = YES;
				CLANG_WARN_OBJC_ROOT_CLASS = YES_ERROR;
				CLANG_WARN_SUSPICIOUS_MOVES = YES;
				CLANG_WARN_UNREACHABLE_CODE = YES;
				CLANG_WARN__DUPLICATE_METHOD_MATCH = YES;
				"CODE_SIGN_IDENTITY[sdk=iphoneos*]" = "iPhone Developer";
				COPY_PHASE_STRIP = NO;
				DEBUG_INFORMATION_FORMAT = dwarf;
				ENABLE_STRICT_OBJC_MSGSEND = YES;
				ENABLE_TESTABILITY = YES;
				GCC_C_LANGUAGE_STANDARD = gnu99;
				GCC_DYNAMIC_NO_PIC = NO;
				GCC_NO_COMMON_BLOCKS = YES;
				GCC_OPTIMIZATION_LEVEL = 0;
				GCC_PREPROCESSOR_DEFINITIONS = (
					"DEBUG=1",
					"$(inherited)",
				);
				GCC_WARN_64_TO_32_BIT_CONVERSION = YES;
				GCC_WARN_ABOUT_RETURN_TYPE = YES_ERROR;
				GCC_WARN_UNDECLARED_SELECTOR = YES;
				GCC_WARN_UNINITIALIZED_AUTOS = YES_AGGRESSIVE;
				GCC_WARN_UNUSED_FUNCTION = YES;
				GCC_WARN_UNUSED_VARIABLE = YES;
				IPHONEOS_DEPLOYMENT_TARGET = 10.1;
				MTL_ENABLE_DEBUG_INFO = YES;
				ONLY_ACTIVE_ARCH = YES;
				SDKROOT = iphoneos;
				SWIFT_ACTIVE_COMPILATION_CONDITIONS = DEBUG;
				SWIFT_OPTIMIZATION_LEVEL = "-Onone";
				TARGETED_DEVICE_FAMILY = "1,2";
			};
			name = Debug;
		};
		8328BE341DD2A61000C460D6 /* Release */ = {
			isa = XCBuildConfiguration;
			buildSettings = {
				ALWAYS_SEARCH_USER_PATHS = NO;
				CLANG_ANALYZER_NONNULL = YES;
				CLANG_CXX_LANGUAGE_STANDARD = "gnu++0x";
				CLANG_CXX_LIBRARY = "libc++";
				CLANG_ENABLE_MODULES = YES;
				CLANG_ENABLE_OBJC_ARC = YES;
				CLANG_WARN_BOOL_CONVERSION = YES;
				CLANG_WARN_CONSTANT_CONVERSION = YES;
				CLANG_WARN_DIRECT_OBJC_ISA_USAGE = YES_ERROR;
				CLANG_WARN_DOCUMENTATION_COMMENTS = YES;
				CLANG_WARN_EMPTY_BODY = YES;
				CLANG_WARN_ENUM_CONVERSION = YES;
				CLANG_WARN_INFINITE_RECURSION = YES;
				CLANG_WARN_INT_CONVERSION = YES;
				CLANG_WARN_OBJC_ROOT_CLASS = YES_ERROR;
				CLANG_WARN_SUSPICIOUS_MOVES = YES;
				CLANG_WARN_UNREACHABLE_CODE = YES;
				CLANG_WARN__DUPLICATE_METHOD_MATCH = YES;
				"CODE_SIGN_IDENTITY[sdk=iphoneos*]" = "iPhone Developer";
				COPY_PHASE_STRIP = NO;
				DEBUG_INFORMATION_FORMAT = "dwarf-with-dsym";
				ENABLE_NS_ASSERTIONS = NO;
				ENABLE_STRICT_OBJC_MSGSEND = YES;
				GCC_C_LANGUAGE_STANDARD = gnu99;
				GCC_NO_COMMON_BLOCKS = YES;
				GCC_WARN_64_TO_32_BIT_CONVERSION = YES;
				GCC_WARN_ABOUT_RETURN_TYPE = YES_ERROR;
				GCC_WARN_UNDECLARED_SELECTOR = YES;
				GCC_WARN_UNINITIALIZED_AUTOS = YES_AGGRESSIVE;
				GCC_WARN_UNUSED_FUNCTION = YES;
				GCC_WARN_UNUSED_VARIABLE = YES;
				IPHONEOS_DEPLOYMENT_TARGET = 10.1;
				MTL_ENABLE_DEBUG_INFO = NO;
				SDKROOT = iphoneos;
				SWIFT_OPTIMIZATION_LEVEL = "-Owholemodule";
				TARGETED_DEVICE_FAMILY = "1,2";
				VALIDATE_PRODUCT = YES;
			};
			name = Release;
		};
		8328BE361DD2A61000C460D6 /* Debug */ = {
			isa = XCBuildConfiguration;
			buildSettings = {
				ASSETCATALOG_COMPILER_APPICON_NAME = AppIcon;
				INFOPLIST_FILE = "chrisras-pset2/Info.plist";
				LD_RUNPATH_SEARCH_PATHS = "$(inherited) @executable_path/Frameworks";
				PRODUCT_BUNDLE_IDENTIFIER = "nl.mprog.chrisras-pset2";
				PRODUCT_NAME = "$(TARGET_NAME)";
				SWIFT_VERSION = 3.0;
			};
			name = Debug;
		};
		8328BE371DD2A61000C460D6 /* Release */ = {
			isa = XCBuildConfiguration;
			buildSettings = {
				ASSETCATALOG_COMPILER_APPICON_NAME = AppIcon;
				INFOPLIST_FILE = "chrisras-pset2/Info.plist";
				LD_RUNPATH_SEARCH_PATHS = "$(inherited) @executable_path/Frameworks";
				PRODUCT_BUNDLE_IDENTIFIER = "nl.mprog.chrisras-pset2";
				PRODUCT_NAME = "$(TARGET_NAME)";
				SWIFT_VERSION = 3.0;
			};
			name = Release;
		};
/* End XCBuildConfiguration section */

/* Begin XCConfigurationList section */
		8328BE1E1DD2A61000C460D6 /* Build configuration list for PBXProject "chrisras-pset2" */ = {
			isa = XCConfigurationList;
			buildConfigurations = (
				8328BE331DD2A61000C460D6 /* Debug */,
				8328BE341DD2A61000C460D6 /* Release */,
			);
			defaultConfigurationIsVisible = 0;
			defaultConfigurationName = Release;
		};
		8328BE351DD2A61000C460D6 /* Build configuration list for PBXNativeTarget "chrisras-pset2" */ = {
			isa = XCConfigurationList;
			buildConfigurations = (
				8328BE361DD2A61000C460D6 /* Debug */,
				8328BE371DD2A61000C460D6 /* Release */,
			);
			defaultConfigurationIsVisible = 0;
			defaultConfigurationName = Release;
		};
/* End XCConfigurationList section */
	};
	rootObject = 8328BE1B1DD2A61000C460D6 /* Project object */;
}
